
Microsoft Visual Studio Solution File, Format Version 12.00
# Visual Studio 2012
Project("{FAE04EC0-301F-11D3-BF4B-00C04F79EFBC}") = "LabExam11", "LabExam11\LabExam11.csproj", "{33915518-3400-443B-8F4D-806861F2DE54}"
EndProject
Global
	GlobalSection(SolutionConfigurationPlatforms) = preSolution
		Debug|Any CPU = Debug|Any CPU
		Release|Any CPU = Release|Any CPU
	EndGlobalSection
	GlobalSection(ProjectConfigurationPlatforms) = postSolution
		{33915518-3400-443B-8F4D-806861F2DE54}.Debug|Any CPU.ActiveCfg = Debug|Any CPU
		{33915518-3400-443B-8F4D-806861F2DE54}.Debug|Any CPU.Build.0 = Debug|Any CPU
		{33915518-3400-443B-8F4D-806861F2DE54}.Release|Any CPU.ActiveCfg = Release|Any CPU
		{33915518-3400-443B-8F4D-806861F2DE54}.Release|Any CPU.Build.0 = Release|Any CPU
	EndGlobalSection
	GlobalSection(SolutionProperties) = preSolution
		HideSolutionNode = FALSE
	EndGlobalSection
EndGlobal
